// !$*UTF8*$!
{
	archiveVersion = 1;
	classes = {
	};
	objectVersion = 46;
	objects = {

/* Begin PBXBuildFile section */
		1E1B422E16902F5400701EF1 /* UIKit.framework in Frameworks */ = {isa = PBXBuildFile; fileRef = 1E1B422D16902F5400701EF1 /* UIKit.framework */; };
		1E1B423016902F5400701EF1 /* Foundation.framework in Frameworks */ = {isa = PBXBuildFile; fileRef = 1E1B422F16902F5400701EF1 /* Foundation.framework */; };
		1E1B423216902F5400701EF1 /* CoreGraphics.framework in Frameworks */ = {isa = PBXBuildFile; fileRef = 1E1B423116902F5400701EF1 /* CoreGraphics.framework */; };
		1E1B423816902F5400701EF1 /* InfoPlist.strings in Resources */ = {isa = PBXBuildFile; fileRef = 1E1B423616902F5400701EF1 /* InfoPlist.strings */; };
		1E1B423A16902F5400701EF1 /* main.m in Sources */ = {isa = PBXBuildFile; fileRef = 1E1B423916902F5400701EF1 /* main.m */; };
		1E1B423E16902F5400701EF1 /* STAppDelegate.m in Sources */ = {isa = PBXBuildFile; fileRef = 1E1B423D16902F5400701EF1 /* STAppDelegate.m */; };
		1E1B424016902F5400701EF1 /* Default.png in Resources */ = {isa = PBXBuildFile; fileRef = 1E1B423F16902F5400701EF1 /* Default.png */; };
		1E1B424216902F5400701EF1 /* Default@2x.png in Resources */ = {isa = PBXBuildFile; fileRef = 1E1B424116902F5400701EF1 /* Default@2x.png */; };
		1E1B424416902F5400701EF1 /* Default-568h@2x.png in Resources */ = {isa = PBXBuildFile; fileRef = 1E1B424316902F5400701EF1 /* Default-568h@2x.png */; };
		1E1B424716902F5400701EF1 /* STViewController.m in Sources */ = {isa = PBXBuildFile; fileRef = 1E1B424616902F5400701EF1 /* STViewController.m */; };
		1E1B4256169033D600701EF1 /* STAutoLayoutEdgeViewController.m in Sources */ = {isa = PBXBuildFile; fileRef = 1E1B4254169033D600701EF1 /* STAutoLayoutEdgeViewController.m */; };
		1E1B4257169033D600701EF1 /* STAutoLayoutEdgeViewController.xib in Resources */ = {isa = PBXBuildFile; fileRef = 1E1B4255169033D600701EF1 /* STAutoLayoutEdgeViewController.xib */; };
		1E1B425E1690365200701EF1 /* UINavigationController+Rotate.m in Sources */ = {isa = PBXBuildFile; fileRef = 1E1B425D1690360500701EF1 /* UINavigationController+Rotate.m */; };
		1E1B4262169037C700701EF1 /* STAutoLayoutAlignViewController.m in Sources */ = {isa = PBXBuildFile; fileRef = 1E1B4260169037C700701EF1 /* STAutoLayoutAlignViewController.m */; };
		1E1B4263169037C700701EF1 /* STAutoLayoutAlignViewController.xib in Resources */ = {isa = PBXBuildFile; fileRef = 1E1B4261169037C700701EF1 /* STAutoLayoutAlignViewController.xib */; };
		1E1B42671690558100701EF1 /* STAutoLayoutHorizontalViewController.m in Sources */ = {isa = PBXBuildFile; fileRef = 1E1B42651690558100701EF1 /* STAutoLayoutHorizontalViewController.m */; };
		1E1B42681690558100701EF1 /* STAutoLayoutHorizontalViewController.xib in Resources */ = {isa = PBXBuildFile; fileRef = 1E1B42661690558100701EF1 /* STAutoLayoutHorizontalViewController.xib */; };
		1E1B42701690617A00701EF1 /* STAutoLayoutVerticalViewController.m in Sources */ = {isa = PBXBuildFile; fileRef = 1E1B426E1690617A00701EF1 /* STAutoLayoutVerticalViewController.m */; };
		1E1B42711690617A00701EF1 /* STAutoLayoutVerticalViewController.xib in Resources */ = {isa = PBXBuildFile; fileRef = 1E1B426F1690617A00701EF1 /* STAutoLayoutVerticalViewController.xib */; };
		1E1B427516906A6600701EF1 /* STAutoLayoutCenter2ViewController.m in Sources */ = {isa = PBXBuildFile; fileRef = 1E1B427316906A6500701EF1 /* STAutoLayoutCenter2ViewController.m */; };
		1E1B427616906A6600701EF1 /* STAutoLayoutCenter2ViewController.xib in Resources */ = {isa = PBXBuildFile; fileRef = 1E1B427416906A6600701EF1 /* STAutoLayoutCenter2ViewController.xib */; };
		1E1B427F1690904200701EF1 /* STAutoLayoutCenter1ViewController.m in Sources */ = {isa = PBXBuildFile; fileRef = 1E1B427D1690904200701EF1 /* STAutoLayoutCenter1ViewController.m */; };
		1E1B42801690904200701EF1 /* STAutoLayoutCenter1ViewController.xib in Resources */ = {isa = PBXBuildFile; fileRef = 1E1B427E1690904200701EF1 /* STAutoLayoutCenter1ViewController.xib */; };
		1E1B428416911A3900701EF1 /* STAutoLayoutSizeToFitViewController.m in Sources */ = {isa = PBXBuildFile; fileRef = 1E1B428216911A3800701EF1 /* STAutoLayoutSizeToFitViewController.m */; };
		1E1B428516911A3900701EF1 /* STAutoLayoutSizeToFitViewController.xib in Resources */ = {isa = PBXBuildFile; fileRef = 1E1B428316911A3800701EF1 /* STAutoLayoutSizeToFitViewController.xib */; };
/* End PBXBuildFile section */

/* Begin PBXFileReference section */
		1E1B422916902F5400701EF1 /* STLayoutViewSample.app */ = {isa = PBXFileReference; explicitFileType = wrapper.application; includeInIndex = 0; path = STLayoutViewSample.app; sourceTree = BUILT_PRODUCTS_DIR; };
		1E1B422D16902F5400701EF1 /* UIKit.framework */ = {isa = PBXFileReference; lastKnownFileType = wrapper.framework; name = UIKit.framework; path = System/Library/Frameworks/UIKit.framework; sourceTree = SDKROOT; };
		1E1B422F16902F5400701EF1 /* Foundation.framework */ = {isa = PBXFileReference; lastKnownFileType = wrapper.framework; name = Foundation.framework; path = System/Library/Frameworks/Foundation.framework; sourceTree = SDKROOT; };
		1E1B423116902F5400701EF1 /* CoreGraphics.framework */ = {isa = PBXFileReference; lastKnownFileType = wrapper.framework; name = CoreGraphics.framework; path = System/Library/Frameworks/CoreGraphics.framework; sourceTree = SDKROOT; };
		1E1B423516902F5400701EF1 /* STLayoutViewSample-Info.plist */ = {isa = PBXFileReference; lastKnownFileType = text.plist.xml; path = "STLayoutViewSample-Info.plist"; sourceTree = "<group>"; };
		1E1B423716902F5400701EF1 /* en */ = {isa = PBXFileReference; lastKnownFileType = text.plist.strings; name = en; path = en.lproj/InfoPlist.strings; sourceTree = "<group>"; };
		1E1B423916902F5400701EF1 /* main.m */ = {isa = PBXFileReference; lastKnownFileType = sourcecode.c.objc; path = main.m; sourceTree = "<group>"; };
		1E1B423B16902F5400701EF1 /* STLayoutViewSample-Prefix.pch */ = {isa = PBXFileReference; lastKnownFileType = sourcecode.c.h; path = "STLayoutViewSample-Prefix.pch"; sourceTree = "<group>"; };
		1E1B423C16902F5400701EF1 /* STAppDelegate.h */ = {isa = PBXFileReference; lastKnownFileType = sourcecode.c.h; path = STAppDelegate.h; sourceTree = "<group>"; };
		1E1B423D16902F5400701EF1 /* STAppDelegate.m */ = {isa = PBXFileReference; lastKnownFileType = sourcecode.c.objc; path = STAppDelegate.m; sourceTree = "<group>"; };
		1E1B423F16902F5400701EF1 /* Default.png */ = {isa = PBXFileReference; lastKnownFileType = image.png; path = Default.png; sourceTree = "<group>"; };
		1E1B424116902F5400701EF1 /* Default@2x.png */ = {isa = PBXFileReference; lastKnownFileType = image.png; path = "Default@2x.png"; sourceTree = "<group>"; };
		1E1B424316902F5400701EF1 /* Default-568h@2x.png */ = {isa = PBXFileReference; lastKnownFileType = image.png; path = "Default-568h@2x.png"; sourceTree = "<group>"; };
		1E1B424516902F5400701EF1 /* STViewController.h */ = {isa = PBXFileReference; lastKnownFileType = sourcecode.c.h; path = STViewController.h; sourceTree = "<group>"; };
		1E1B424616902F5400701EF1 /* STViewController.m */ = {isa = PBXFileReference; lastKnownFileType = sourcecode.c.objc; path = STViewController.m; sourceTree = "<group>"; };
		1E1B4253169033D600701EF1 /* STAutoLayoutEdgeViewController.h */ = {isa = PBXFileReference; fileEncoding = 4; lastKnownFileType = sourcecode.c.h; path = STAutoLayoutEdgeViewController.h; sourceTree = "<group>"; };
		1E1B4254169033D600701EF1 /* STAutoLayoutEdgeViewController.m */ = {isa = PBXFileReference; fileEncoding = 4; lastKnownFileType = sourcecode.c.objc; path = STAutoLayoutEdgeViewController.m; sourceTree = "<group>"; };
		1E1B4255169033D600701EF1 /* STAutoLayoutEdgeViewController.xib */ = {isa = PBXFileReference; fileEncoding = 4; lastKnownFileType = file.xib; path = STAutoLayoutEdgeViewController.xib; sourceTree = "<group>"; };
		1E1B425C1690360500701EF1 /* UINavigationController+Rotate.h */ = {isa = PBXFileReference; lastKnownFileType = sourcecode.c.h; path = "UINavigationController+Rotate.h"; sourceTree = "<group>"; };
		1E1B425D1690360500701EF1 /* UINavigationController+Rotate.m */ = {isa = PBXFileReference; lastKnownFileType = sourcecode.c.objc; path = "UINavigationController+Rotate.m"; sourceTree = "<group>"; };
		1E1B425F169037C700701EF1 /* STAutoLayoutAlignViewController.h */ = {isa = PBXFileReference; fileEncoding = 4; lastKnownFileType = sourcecode.c.h; path = STAutoLayoutAlignViewController.h; sourceTree = "<group>"; };
		1E1B4260169037C700701EF1 /* STAutoLayoutAlignViewController.m */ = {isa = PBXFileReference; fileEncoding = 4; lastKnownFileType = sourcecode.c.objc; path = STAutoLayoutAlignViewController.m; sourceTree = "<group>"; };
		1E1B4261169037C700701EF1 /* STAutoLayoutAlignViewController.xib */ = {isa = PBXFileReference; fileEncoding = 4; lastKnownFileType = file.xib; path = STAutoLayoutAlignViewController.xib; sourceTree = "<group>"; };
		1E1B42641690558100701EF1 /* STAutoLayoutHorizontalViewController.h */ = {isa = PBXFileReference; fileEncoding = 4; lastKnownFileType = sourcecode.c.h; path = STAutoLayoutHorizontalViewController.h; sourceTree = "<group>"; };
		1E1B42651690558100701EF1 /* STAutoLayoutHorizontalViewController.m */ = {isa = PBXFileReference; fileEncoding = 4; lastKnownFileType = sourcecode.c.objc; path = STAutoLayoutHorizontalViewController.m; sourceTree = "<group>"; };
		1E1B42661690558100701EF1 /* STAutoLayoutHorizontalViewController.xib */ = {isa = PBXFileReference; fileEncoding = 4; lastKnownFileType = file.xib; path = STAutoLayoutHorizontalViewController.xib; sourceTree = "<group>"; };
		1E1B426D1690617A00701EF1 /* STAutoLayoutVerticalViewController.h */ = {isa = PBXFileReference; fileEncoding = 4; lastKnownFileType = sourcecode.c.h; path = STAutoLayoutVerticalViewController.h; sourceTree = "<group>"; };
		1E1B426E1690617A00701EF1 /* STAutoLayoutVerticalViewController.m */ = {isa = PBXFileReference; fileEncoding = 4; lastKnownFileType = sourcecode.c.objc; path = STAutoLayoutVerticalViewController.m; sourceTree = "<group>"; };
		1E1B426F1690617A00701EF1 /* STAutoLayoutVerticalViewController.xib */ = {isa = PBXFileReference; fileEncoding = 4; lastKnownFileType = file.xib; path = STAutoLayoutVerticalViewController.xib; sourceTree = "<group>"; };
		1E1B427216906A6500701EF1 /* STAutoLayoutCenter2ViewController.h */ = {isa = PBXFileReference; fileEncoding = 4; lastKnownFileType = sourcecode.c.h; path = STAutoLayoutCenter2ViewController.h; sourceTree = "<group>"; };
		1E1B427316906A6500701EF1 /* STAutoLayoutCenter2ViewController.m */ = {isa = PBXFileReference; fileEncoding = 4; lastKnownFileType = sourcecode.c.objc; path = STAutoLayoutCenter2ViewController.m; sourceTree = "<group>"; };
		1E1B427416906A6600701EF1 /* STAutoLayoutCenter2ViewController.xib */ = {isa = PBXFileReference; fileEncoding = 4; lastKnownFileType = file.xib; path = STAutoLayoutCenter2ViewController.xib; sourceTree = "<group>"; };
		1E1B427C1690904200701EF1 /* STAutoLayoutCenter1ViewController.h */ = {isa = PBXFileReference; fileEncoding = 4; lastKnownFileType = sourcecode.c.h; path = STAutoLayoutCenter1ViewController.h; sourceTree = "<group>"; };
		1E1B427D1690904200701EF1 /* STAutoLayoutCenter1ViewController.m */ = {isa = PBXFileReference; fileEncoding = 4; lastKnownFileType = sourcecode.c.objc; path = STAutoLayoutCenter1ViewController.m; sourceTree = "<group>"; };
		1E1B427E1690904200701EF1 /* STAutoLayoutCenter1ViewController.xib */ = {isa = PBXFileReference; fileEncoding = 4; lastKnownFileType = file.xib; path = STAutoLayoutCenter1ViewController.xib; sourceTree = "<group>"; };
		1E1B428116911A3800701EF1 /* STAutoLayoutSizeToFitViewController.h */ = {isa = PBXFileReference; fileEncoding = 4; lastKnownFileType = sourcecode.c.h; path = STAutoLayoutSizeToFitViewController.h; sourceTree = "<group>"; };
		1E1B428216911A3800701EF1 /* STAutoLayoutSizeToFitViewController.m */ = {isa = PBXFileReference; fileEncoding = 4; lastKnownFileType = sourcecode.c.objc; path = STAutoLayoutSizeToFitViewController.m; sourceTree = "<group>"; };
		1E1B428316911A3800701EF1 /* STAutoLayoutSizeToFitViewController.xib */ = {isa = PBXFileReference; fileEncoding = 4; lastKnownFileType = file.xib; path = STAutoLayoutSizeToFitViewController.xib; sourceTree = "<group>"; };
/* End PBXFileReference section */

/* Begin PBXFrameworksBuildPhase section */
		1E1B422616902F5400701EF1 /* Frameworks */ = {
			isa = PBXFrameworksBuildPhase;
			buildActionMask = 2147483647;
			files = (
				1E1B422E16902F5400701EF1 /* UIKit.framework in Frameworks */,
				1E1B423016902F5400701EF1 /* Foundation.framework in Frameworks */,
				1E1B423216902F5400701EF1 /* CoreGraphics.framework in Frameworks */,
			);
			runOnlyForDeploymentPostprocessing = 0;
		};
/* End PBXFrameworksBuildPhase section */

/* Begin PBXGroup section */
		1E1B421E16902F5400701EF1 = {
			isa = PBXGroup;
			children = (
				1E1B423316902F5400701EF1 /* STLayoutViewSample */,
				1E1B422C16902F5400701EF1 /* Frameworks */,
				1E1B422A16902F5400701EF1 /* Products */,
			);
			sourceTree = "<group>";
		};
		1E1B422A16902F5400701EF1 /* Products */ = {
			isa = PBXGroup;
			children = (
				1E1B422916902F5400701EF1 /* STLayoutViewSample.app */,
			);
			name = Products;
			sourceTree = "<group>";
		};
		1E1B422C16902F5400701EF1 /* Frameworks */ = {
			isa = PBXGroup;
			children = (
				1E1B422D16902F5400701EF1 /* UIKit.framework */,
				1E1B422F16902F5400701EF1 /* Foundation.framework */,
				1E1B423116902F5400701EF1 /* CoreGraphics.framework */,
			);
			name = Frameworks;
			sourceTree = "<group>";
		};
		1E1B423316902F5400701EF1 /* STLayoutViewSample */ = {
			isa = PBXGroup;
			children = (
				1E1B425C1690360500701EF1 /* UINavigationController+Rotate.h */,
				1E1B425D1690360500701EF1 /* UINavigationController+Rotate.m */,
				1E1B423C16902F5400701EF1 /* STAppDelegate.h */,
				1E1B423D16902F5400701EF1 /* STAppDelegate.m */,
				1E1B424516902F5400701EF1 /* STViewController.h */,
				1E1B424616902F5400701EF1 /* STViewController.m */,
				1E1B4253169033D600701EF1 /* STAutoLayoutEdgeViewController.h */,
				1E1B4254169033D600701EF1 /* STAutoLayoutEdgeViewController.m */,
				1E1B4255169033D600701EF1 /* STAutoLayoutEdgeViewController.xib */,
				1E1B428116911A3800701EF1 /* STAutoLayoutSizeToFitViewController.h */,
				1E1B428216911A3800701EF1 /* STAutoLayoutSizeToFitViewController.m */,
				1E1B428316911A3800701EF1 /* STAutoLayoutSizeToFitViewController.xib */,
				1E1B425F169037C700701EF1 /* STAutoLayoutAlignViewController.h */,
				1E1B4260169037C700701EF1 /* STAutoLayoutAlignViewController.m */,
				1E1B4261169037C700701EF1 /* STAutoLayoutAlignViewController.xib */,
				1E1B42641690558100701EF1 /* STAutoLayoutHorizontalViewController.h */,
				1E1B42651690558100701EF1 /* STAutoLayoutHorizontalViewController.m */,
				1E1B42661690558100701EF1 /* STAutoLayoutHorizontalViewController.xib */,
				1E1B426D1690617A00701EF1 /* STAutoLayoutVerticalViewController.h */,
				1E1B426E1690617A00701EF1 /* STAutoLayoutVerticalViewController.m */,
				1E1B426F1690617A00701EF1 /* STAutoLayoutVerticalViewController.xib */,
				1E1B427C1690904200701EF1 /* STAutoLayoutCenter1ViewController.h */,
				1E1B427D1690904200701EF1 /* STAutoLayoutCenter1ViewController.m */,
				1E1B427E1690904200701EF1 /* STAutoLayoutCenter1ViewController.xib */,
				1E1B427216906A6500701EF1 /* STAutoLayoutCenter2ViewController.h */,
				1E1B427316906A6500701EF1 /* STAutoLayoutCenter2ViewController.m */,
				1E1B427416906A6600701EF1 /* STAutoLayoutCenter2ViewController.xib */,
				1E1B423416902F5400701EF1 /* Supporting Files */,
			);
			path = STLayoutViewSample;
			sourceTree = "<group>";
		};
		1E1B423416902F5400701EF1 /* Supporting Files */ = {
			isa = PBXGroup;
			children = (
				1E1B423516902F5400701EF1 /* STLayoutViewSample-Info.plist */,
				1E1B423616902F5400701EF1 /* InfoPlist.strings */,
				1E1B423916902F5400701EF1 /* main.m */,
				1E1B423B16902F5400701EF1 /* STLayoutViewSample-Prefix.pch */,
				1E1B423F16902F5400701EF1 /* Default.png */,
				1E1B424116902F5400701EF1 /* Default@2x.png */,
				1E1B424316902F5400701EF1 /* Default-568h@2x.png */,
			);
			name = "Supporting Files";
			sourceTree = "<group>";
		};
/* End PBXGroup section */

/* Begin PBXNativeTarget section */
		1E1B422816902F5400701EF1 /* STLayoutViewSample */ = {
			isa = PBXNativeTarget;
			buildConfigurationList = 1E1B425016902F5400701EF1 /* Build configuration list for PBXNativeTarget "STLayoutViewSample" */;
			buildPhases = (
				1E1B422516902F5400701EF1 /* Sources */,
				1E1B422616902F5400701EF1 /* Frameworks */,
				1E1B422716902F5400701EF1 /* Resources */,
			);
			buildRules = (
			);
			dependencies = (
			);
			name = STLayoutViewSample;
			productName = STLayoutViewSample;
			productReference = 1E1B422916902F5400701EF1 /* STLayoutViewSample.app */;
			productType = "com.apple.product-type.application";
		};
/* End PBXNativeTarget section */

/* Begin PBXProject section */
		1E1B422016902F5400701EF1 /* Project object */ = {
			isa = PBXProject;
			attributes = {
				CLASSPREFIX = ST;
				LastUpgradeCheck = 0450;
				ORGANIZATIONNAME = stack3;
			};
			buildConfigurationList = 1E1B422316902F5400701EF1 /* Build configuration list for PBXProject "STLayoutViewSample" */;
			compatibilityVersion = "Xcode 3.2";
			developmentRegion = English;
			hasScannedForEncodings = 0;
			knownRegions = (
				en,
			);
			mainGroup = 1E1B421E16902F5400701EF1;
			productRefGroup = 1E1B422A16902F5400701EF1 /* Products */;
			projectDirPath = "";
			projectRoot = "";
			targets = (
				1E1B422816902F5400701EF1 /* STLayoutViewSample */,
			);
		};
/* End PBXProject section */

/* Begin PBXResourcesBuildPhase section */
		1E1B422716902F5400701EF1 /* Resources */ = {
			isa = PBXResourcesBuildPhase;
			buildActionMask = 2147483647;
			files = (
				1E1B423816902F5400701EF1 /* InfoPlist.strings in Resources */,
				1E1B424016902F5400701EF1 /* Default.png in Resources */,
				1E1B424216902F5400701EF1 /* Default@2x.png in Resources */,
				1E1B424416902F5400701EF1 /* Default-568h@2x.png in Resources */,
				1E1B4257169033D600701EF1 /* STAutoLayoutEdgeViewController.xib in Resources */,
				1E1B4263169037C700701EF1 /* STAutoLayoutAlignViewController.xib in Resources */,
				1E1B42681690558100701EF1 /* STAutoLayoutHorizontalViewController.xib in Resources */,
				1E1B42711690617A00701EF1 /* STAutoLayoutVerticalViewController.xib in Resources */,
				1E1B427616906A6600701EF1 /* STAutoLayoutCenter2ViewController.xib in Resources */,
				1E1B42801690904200701EF1 /* STAutoLayoutCenter1ViewController.xib in Resources */,
				1E1B428516911A3900701EF1 /* STAutoLayoutSizeToFitViewController.xib in Resources */,
			);
			runOnlyForDeploymentPostprocessing = 0;
		};
/* End PBXResourcesBuildPhase section */

/* Begin PBXSourcesBuildPhase section */
		1E1B422516902F5400701EF1 /* Sources */ = {
			isa = PBXSourcesBuildPhase;
			buildActionMask = 2147483647;
			files = (
				1E1B423A16902F5400701EF1 /* main.m in Sources */,
				1E1B423E16902F5400701EF1 /* STAppDelegate.m in Sources */,
				1E1B424716902F5400701EF1 /* STViewController.m in Sources */,
				1E1B4256169033D600701EF1 /* STAutoLayoutEdgeViewController.m in Sources */,
				1E1B425E1690365200701EF1 /* UINavigationController+Rotate.m in Sources */,
				1E1B4262169037C700701EF1 /* STAutoLayoutAlignViewController.m in Sources */,
				1E1B42671690558100701EF1 /* STAutoLayoutHorizontalViewController.m in Sources */,
				1E1B42701690617A00701EF1 /* STAutoLayoutVerticalViewController.m in Sources */,
				1E1B427516906A6600701EF1 /* STAutoLayoutCenter2ViewController.m in Sources */,
				1E1B427F1690904200701EF1 /* STAutoLayoutCenter1ViewController.m in Sources */,
				1E1B428416911A3900701EF1 /* STAutoLayoutSizeToFitViewController.m in Sources */,
			);
			runOnlyForDeploymentPostprocessing = 0;
		};
/* End PBXSourcesBuildPhase section */

/* Begin PBXVariantGroup section */
		1E1B423616902F5400701EF1 /* InfoPlist.strings */ = {
			isa = PBXVariantGroup;
			children = (
				1E1B423716902F5400701EF1 /* en */,
			);
			name = InfoPlist.strings;
			sourceTree = "<group>";
		};
/* End PBXVariantGroup section */

/* Begin XCBuildConfiguration section */
		1E1B424E16902F5400701EF1 /* Debug */ = {
			isa = XCBuildConfiguration;
			buildSettings = {
				ALWAYS_SEARCH_USER_PATHS = NO;
				CLANG_CXX_LANGUAGE_STANDARD = "gnu++0x";
				CLANG_CXX_LIBRARY = "libc++";
				CLANG_ENABLE_OBJC_ARC = YES;
				CLANG_WARN_EMPTY_BODY = YES;
				CLANG_WARN__DUPLICATE_METHOD_MATCH = YES;
				"CODE_SIGN_IDENTITY[sdk=iphoneos*]" = "iPhone Developer";
				COPY_PHASE_STRIP = NO;
				GCC_C_LANGUAGE_STANDARD = gnu99;
				GCC_DYNAMIC_NO_PIC = NO;
				GCC_OPTIMIZATION_LEVEL = 0;
				GCC_PREPROCESSOR_DEFINITIONS = (
					"DEBUG=1",
					"$(inherited)",
				);
				GCC_SYMBOLS_PRIVATE_EXTERN = NO;
				GCC_WARN_ABOUT_RETURN_TYPE = YES;
				GCC_WARN_UNINITIALIZED_AUTOS = YES;
				GCC_WARN_UNUSED_VARIABLE = YES;
				IPHONEOS_DEPLOYMENT_TARGET = 6.0;
				ONLY_ACTIVE_ARCH = YES;
				SDKROOT = iphoneos;
				TARGETED_DEVICE_FAMILY = "1,2";
			};
			name = Debug;
		};
		1E1B424F16902F5400701EF1 /* Release */ = {
			isa = XCBuildConfiguration;
			buildSettings = {
				ALWAYS_SEARCH_USER_PATHS = NO;
				CLANG_CXX_LANGUAGE_STANDARD = "gnu++0x";
				CLANG_CXX_LIBRARY = "libc++";
				CLANG_ENABLE_OBJC_ARC = YES;
				CLANG_WARN_EMPTY_BODY = YES;
				CLANG_WARN__DUPLICATE_METHOD_MATCH = YES;
				"CODE_SIGN_IDENTITY[sdk=iphoneos*]" = "iPhone Developer";
				COPY_PHASE_STRIP = YES;
				GCC_C_LANGUAGE_STANDARD = gnu99;
				GCC_WARN_ABOUT_RETURN_TYPE = YES;
				GCC_WARN_UNINITIALIZED_AUTOS = YES;
				GCC_WARN_UNUSED_VARIABLE = YES;
				IPHONEOS_DEPLOYMENT_TARGET = 6.0;
				OTHER_CFLAGS = "-DNS_BLOCK_ASSERTIONS=1";
				SDKROOT = iphoneos;
				TARGETED_DEVICE_FAMILY = "1,2";
				VALIDATE_PRODUCT = YES;
			};
			name = Release;
		};
		1E1B425116902F5400701EF1 /* Debug */ = {
			isa = XCBuildConfiguration;
			buildSettings = {
				GCC_PRECOMPILE_PREFIX_HEADER = YES;
				GCC_PREFIX_HEADER = "STLayoutViewSample/STLayoutViewSample-Prefix.pch";
				INFOPLIST_FILE = "STLayoutViewSample/STLayoutViewSample-Info.plist";
				PRODUCT_NAME = "$(TARGET_NAME)";
				WRAPPER_EXTENSION = app;
			};
			name = Debug;
		};
		1E1B425216902F5400701EF1 /* Release */ = {
			isa = XCBuildConfiguration;
			buildSettings = {
				GCC_PRECOMPILE_PREFIX_HEADER = YES;
				GCC_PREFIX_HEADER = "STLayoutViewSample/STLayoutViewSample-Prefix.pch";
				INFOPLIST_FILE = "STLayoutViewSample/STLayoutViewSample-Info.plist";
				PRODUCT_NAME = "$(TARGET_NAME)";
				WRAPPER_EXTENSION = app;
			};
			name = Release;
		};
/* End XCBuildConfiguration section */

/* Begin XCConfigurationList section */
		1E1B422316902F5400701EF1 /* Build configuration list for PBXProject "STLayoutViewSample" */ = {
			isa = XCConfigurationList;
			buildConfigurations = (
				1E1B424E16902F5400701EF1 /* Debug */,
				1E1B424F16902F5400701EF1 /* Release */,
			);
			defaultConfigurationIsVisible = 0;
			defaultConfigurationName = Release;
		};
		1E1B425016902F5400701EF1 /* Build configuration list for PBXNativeTarget "STLayoutViewSample" */ = {
			isa = XCConfigurationList;
			buildConfigurations = (
				1E1B425116902F5400701EF1 /* Debug */,
				1E1B425216902F5400701EF1 /* Release */,
			);
			defaultConfigurationIsVisible = 0;
		};
/* End XCConfigurationList section */
	};
	rootObject = 1E1B422016902F5400701EF1 /* Project object */;
}
